{
    "name": "foundry-test-utility",
    "version": "0.1.0",
    "lockfileVersion": 2,
    "requires": true,
    "packages": {
        "": {
            "name": "foundry-test-utility",
            "version": "0.1.0",
            "license": "MIT",
            "devDependencies": {
                "@openzeppelin/contracts": "^4.7.3",
                "@openzeppelin/contracts-upgradeable": "^4.8.0-rc.1",
                "awesome-readme": "^1.0.0",
                "prettier": "^3.0.0",
                "prettier-plugin-solidity": "^2.0.0"
            }
        },
        "node_modules/@bytecodealliance/preview2-shim": {
            "version": "0.17.2",
            "resolved": "https://registry.npmjs.org/@bytecodealliance/preview2-shim/-/preview2-shim-0.17.2.tgz",
            "integrity": "sha512-mNm/lblgES8UkVle8rGImXOz4TtL3eU3inHay/7TVchkKrb/lgcVvTK0+VAw8p5zQ0rgQsXm1j5dOlAAd+MeoA==",
            "dev": true
        },
        "node_modules/@nomicfoundation/slang": {
            "version": "1.3.4",
            "resolved": "https://registry.npmjs.org/@nomicfoundation/slang/-/slang-1.3.4.tgz",
            "integrity": "sha512-ghzrPSYH1sZO65id6+Bq2Ood87HT54QP3RGC8EkmpcrJ6tT9Ky0RtaJfrzV5G4jpDsnNua6+YEDpzOMori04hQ==",
            "dev": true,
            "dependencies": {
                "@bytecodealliance/preview2-shim": "^0.17.2"
            }
        },
        "node_modules/@openzeppelin/contracts": {
            "version": "4.9.6",
            "resolved": "https://registry.npmjs.org/@openzeppelin/contracts/-/contracts-4.9.6.tgz",
            "integrity": "sha512-xSmezSupL+y9VkHZJGDoCBpmnB2ogM13ccaYDWqJTfS3dbuHkgjuwDFUmaFauBCboQMGB/S5UqUl2y54X99BmA==",
            "dev": true
        },
        "node_modules/@openzeppelin/contracts-upgradeable": {
            "version": "4.9.6",
            "resolved": "https://registry.npmjs.org/@openzeppelin/contracts-upgradeable/-/contracts-upgradeable-4.9.6.tgz",
            "integrity": "sha512-m4iHazOsOCv1DgM7eD7GupTJ+NFVujRZt1wzddDPSVGpWdKq1SKkla5htKG7+IS4d2XOCtzkUNwRZ7Vq5aEUMA==",
            "dev": true
        },
        "node_modules/@solidity-parser/parser": {
            "version": "0.20.2",
            "resolved": "https://registry.npmjs.org/@solidity-parser/parser/-/parser-0.20.2.tgz",
            "integrity": "sha512-rbu0bzwNvMcwAjH86hiEAcOeRI2EeK8zCkHDrFykh/Al8mvJeFmjy3UrE7GYQjNwOgbGUUtCn5/k8CB8zIu7QA==",
            "dev": true
        },
        "node_modules/awesome-readme": {
            "version": "1.0.0",
            "resolved": "https://registry.npmjs.org/awesome-readme/-/awesome-readme-1.0.0.tgz",
            "integrity": "sha512-DvU26ML/kd1yWRmcOZlgelqivRlDghG7wG4BzJMQ3WEINkmrPFOxgN46JeZB045HCW4VP/lMRMFbLIC9Gr3JkA==",
            "dev": true,
            "dependencies": {
                "figlet": "^1.11.4",
                "ignore": "^7.0.0"
            },
            "bin": {
                "awesome-readme": "dist/index.js"
            },
            "engines": {
                "node": ">=20"
            }
        },
        "node_modules/commander": {
            "version": "14.0.3",
            "resolved": "https://registry.npmjs.org/commander/-/commander-14.0.3.tgz",
            "integrity": "sha512-H+y0Jo/T1RZ9qPP4Eh1pkcQcLRglraJaSLoyOtHxu6AapkjWVCy2Sit1QQ4x3Dng8qDlSsZEet7g5Pq06MvTgw==",
            "dev": true,
            "engines": {
                "node": ">=20"
            }
        },
        "node_modules/figlet": {
            "version": "1.11.4",
            "resolved": "https://registry.npmjs.org/figlet/-/figlet-1.11.4.tgz",
            "integrity": "sha512-ZU41480OncL+NVLQrT0GVnbO0COL24sLSrzksioDgunmdJNYEUxhJJZ4Y3x1csN8XXqN5OcCZTLG8lKdquNyfQ==",
            "dev": true,
            "dependencies": {
                "commander": "^14.0.0"
            },
            "bin": {
                "figlet": "bin/index.js"
            },
            "engines": {
                "node": ">= 17.0.0"
            }
        },
        "node_modules/ignore": {
            "version": "7.0.6",
            "resolved": "https://registry.npmjs.org/ignore/-/ignore-7.0.6.tgz",
            "integrity": "sha512-BAg6QkE8W+TuQLrrw0Ugr7HegXduRuuj8/ti2kSOc+jz1dmx8/WNcjr6XGnq5YpDWxFwwaavqD0+jIUOKelTsw==",
            "dev": true,
            "engines": {
                "node": ">= 4"
            }
        },
        "node_modules/prettier": {
            "version": "3.9.6",
            "resolved": "https://registry.npmjs.org/prettier/-/prettier-3.9.6.tgz",
            "integrity": "sha512-OpN0zzVdiaiAhxpuuj5efpIS4sY9j7bY6uR5mnj5yPzGkdkjNKSJeUThPb60Jw29QuAZgA4o+/iB49kFiaBX6g==",
            "dev": true,
            "bin": {
                "prettier": "bin/prettier.cjs"
            },
            "engines": {
                "node": ">=14"
            },
            "funding": {
                "url": "https://github.com/prettier/prettier?sponsor=1"
            }
        },
        "node_modules/prettier-plugin-solidity": {
            "version": "2.3.1",
            "resolved": "https://registry.npmjs.org/prettier-plugin-solidity/-/prettier-plugin-solidity-2.3.1.tgz",
            "integrity": "sha512-71sZM5oqgq6pnTlf+RH23U6Ej710APfCiMWO2Z/pHNjrXyvn9Nr0vTS1AUVaSf4GRW0V6hj6Djt0MyWudJUJbQ==",
            "dev": true,
            "dependencies": {
                "@nomicfoundation/slang": "1.3.4",
                "@solidity-parser/parser": "^0.20.2",
                "semver": "^7.7.4"
            },
            "engines": {
                "node": ">=20"
            },
            "peerDependencies": {
                "prettier": ">=3.0.0"
            }
        },
        "node_modules/semver": {
            "version": "7.7.4",
            "resolved": "https://registry.npmjs.org/semver/-/semver-7.7.4.tgz",
            "integrity": "sha512-vFKC2IEtQnVhpT78h1Yp8wzwrf8CM+MzKMHGJZfBtzhZNycRFnXsHk6E5TxIkkMsgNS7mdX3AGB7x2QM2di4lA==",
            "dev": true,
            "bin": {
                "semver": "bin/semver.js"
            },
            "engines": {
                "node": ">=10"
            }
        }
    },
    "dependencies": {
        "@bytecodealliance/preview2-shim": {
            "version": "0.17.2",
            "resolved": "https://registry.npmjs.org/@bytecodealliance/preview2-shim/-/preview2-shim-0.17.2.tgz",
            "integrity": "sha512-mNm/lblgES8UkVle8rGImXOz4TtL3eU3inHay/7TVchkKrb/lgcVvTK0+VAw8p5zQ0rgQsXm1j5dOlAAd+MeoA==",
            "dev": true
        },
        "@nomicfoundation/slang": {
            "version": "1.3.4",
            "resolved": "https://registry.npmjs.org/@nomicfoundation/slang/-/slang-1.3.4.tgz",
            "integrity": "sha512-ghzrPSYH1sZO65id6+Bq2Ood87HT54QP3RGC8EkmpcrJ6tT9Ky0RtaJfrzV5G4jpDsnNua6+YEDpzOMori04hQ==",
            "dev": true,
            "requires": {
                "@bytecodealliance/preview2-shim": "^0.17.2"
            }
        },
        "@openzeppelin/contracts": {
            "version": "4.9.6",
            "resolved": "https://registry.npmjs.org/@openzeppelin/contracts/-/contracts-4.9.6.tgz",
            "integrity": "sha512-xSmezSupL+y9VkHZJGDoCBpmnB2ogM13ccaYDWqJTfS3dbuHkgjuwDFUmaFauBCboQMGB/S5UqUl2y54X99BmA==",
            "dev": true
        },
        "@openzeppelin/contracts-upgradeable": {
            "version": "4.9.6",
            "resolved": "https://registry.npmjs.org/@openzeppelin/contracts-upgradeable/-/contracts-upgradeable-4.9.6.tgz",
            "integrity": "sha512-m4iHazOsOCv1DgM7eD7GupTJ+NFVujRZt1wzddDPSVGpWdKq1SKkla5htKG7+IS4d2XOCtzkUNwRZ7Vq5aEUMA==",
            "dev": true
        },
        "@solidity-parser/parser": {
            "version": "0.20.2",
            "resolved": "https://registry.npmjs.org/@solidity-parser/parser/-/parser-0.20.2.tgz",
            "integrity": "sha512-rbu0bzwNvMcwAjH86hiEAcOeRI2EeK8zCkHDrFykh/Al8mvJeFmjy3UrE7GYQjNwOgbGUUtCn5/k8CB8zIu7QA==",
            "dev": true
        },
        "awesome-readme": {
            "version": "1.0.0",
            "resolved": "https://registry.npmjs.org/awesome-readme/-/awesome-readme-1.0.0.tgz",
            "integrity": "sha512-DvU26ML/kd1yWRmcOZlgelqivRlDghG7wG4BzJMQ3WEINkmrPFOxgN46JeZB045HCW4VP/lMRMFbLIC9Gr3JkA==",
            "dev": true,
            "requires": {
                "figlet": "^1.11.4",
                "ignore": "^7.0.0"
            }
        },
        "commander": {
            "version": "14.0.3",
            "resolved": "https://registry.npmjs.org/commander/-/commander-14.0.3.tgz",
            "integrity": "sha512-H+y0Jo/T1RZ9qPP4Eh1pkcQcLRglraJaSLoyOtHxu6AapkjWVCy2Sit1QQ4x3Dng8qDlSsZEet7g5Pq06MvTgw==",
            "dev": true
        },
        "figlet": {
            "version": "1.11.4",
            "resolved": "https://registry.npmjs.org/figlet/-/figlet-1.11.4.tgz",
            "integrity": "sha512-ZU41480OncL+NVLQrT0GVnbO0COL24sLSrzksioDgunmdJNYEUxhJJZ4Y3x1csN8XXqN5OcCZTLG8lKdquNyfQ==",
            "dev": true,
            "requires": {
                "commander": "^14.0.0"
            }
        },
        "ignore": {
            "version": "7.0.6",
            "resolved": "https://registry.npmjs.org/ignore/-/ignore-7.0.6.tgz",
            "integrity": "sha512-BAg6QkE8W+TuQLrrw0Ugr7HegXduRuuj8/ti2kSOc+jz1dmx8/WNcjr6XGnq5YpDWxFwwaavqD0+jIUOKelTsw==",
            "dev": true
        },
        "prettier": {
            "version": "3.9.6",
            "resolved": "https://registry.npmjs.org/prettier/-/prettier-3.9.6.tgz",
            "integrity": "sha512-OpN0zzVdiaiAhxpuuj5efpIS4sY9j7bY6uR5mnj5yPzGkdkjNKSJeUThPb60Jw29QuAZgA4o+/iB49kFiaBX6g==",
            "dev": true
        },
        "prettier-plugin-solidity": {
            "version": "2.3.1",
            "resolved": "https://registry.npmjs.org/prettier-plugin-solidity/-/prettier-plugin-solidity-2.3.1.tgz",
            "integrity": "sha512-71sZM5oqgq6pnTlf+RH23U6Ej710APfCiMWO2Z/pHNjrXyvn9Nr0vTS1AUVaSf4GRW0V6hj6Djt0MyWudJUJbQ==",
            "dev": true,
            "requires": {
                "@nomicfoundation/slang": "1.3.4",
                "@solidity-parser/parser": "^0.20.2",
                "semver": "^7.7.4"
            }
        },
        "semver": {
            "version": "7.7.4",
            "resolved": "https://registry.npmjs.org/semver/-/semver-7.7.4.tgz",
            "integrity": "sha512-vFKC2IEtQnVhpT78h1Yp8wzwrf8CM+MzKMHGJZfBtzhZNycRFnXsHk6E5TxIkkMsgNS7mdX3AGB7x2QM2di4lA==",
            "dev": true
        }
    }
}
