{
    "name": "foundry-test-utility",
    "version": "0.1.0",
    "lockfileVersion": 3,
    "requires": true,
    "packages": {
        "": {
            "name": "foundry-test-utility",
            "version": "0.1.0",
            "license": "MIT",
            "devDependencies": {
                "@openzeppelin/contracts": "^5.0.0",
                "@openzeppelin/contracts-upgradeable": "^5.0.0",
                "awesome-readme": "^1.0.0",
                "prettier": "^3.0.0",
                "prettier-plugin-solidity": "^2.0.0"
            }
        },
        "node_modules/@bytecodealliance/preview2-shim": {
            "version": "0.19.0",
            "resolved": "https://registry.npmjs.org/@bytecodealliance/preview2-shim/-/preview2-shim-0.19.0.tgz",
            "integrity": "sha512-OSUlcM62fXLuzYP0DjBn/SwjKMZ/y/2PMXZ8v5cRiiFcroauntlPRl/oCnx0xYjYiqdYvE0PY50VCNutll0xOw==",
            "dev": true,
            "license": "(Apache-2.0 WITH LLVM-exception)"
        },
        "node_modules/@nomicfoundation/slang": {
            "version": "1.3.8",
            "resolved": "https://registry.npmjs.org/@nomicfoundation/slang/-/slang-1.3.8.tgz",
            "integrity": "sha512-it0o2vGb56kqOEUiIreLTqEwiWitWDDOiUCWCO3PfzBXD3kkIFLQ3Ly/4xNgCo0LF5xqGECr+DcCNbfspSClPA==",
            "dev": true,
            "license": "MIT",
            "dependencies": {
                "@bytecodealliance/preview2-shim": "^0.19.0"
            }
        },
        "node_modules/@openzeppelin/contracts": {
            "version": "5.6.1",
            "resolved": "https://registry.npmjs.org/@openzeppelin/contracts/-/contracts-5.6.1.tgz",
            "integrity": "sha512-Ly6SlsVJ3mj+b18W3R8gNufB7dTICT105fJhodGAGgyC2oqnBAhqSiNDJ8V8DLY05cCz81GLI0CU5vNYA1EC/w==",
            "dev": true,
            "license": "MIT"
        },
        "node_modules/@openzeppelin/contracts-upgradeable": {
            "version": "5.6.1",
            "resolved": "https://registry.npmjs.org/@openzeppelin/contracts-upgradeable/-/contracts-upgradeable-5.6.1.tgz",
            "integrity": "sha512-n4a/vfRs114lXyUdYg7pyY8LvFKWvCDF5lEcRRAVxap8g6ZEdLqm+9tmt2zTtRHcNMxTYp9y5t6KBof4tHp7Og==",
            "dev": true,
            "license": "MIT",
            "peerDependencies": {
                "@openzeppelin/contracts": "5.6.1"
            }
        },
        "node_modules/@solidity-parser/parser": {
            "version": "0.20.2",
            "resolved": "https://registry.npmjs.org/@solidity-parser/parser/-/parser-0.20.2.tgz",
            "integrity": "sha512-rbu0bzwNvMcwAjH86hiEAcOeRI2EeK8zCkHDrFykh/Al8mvJeFmjy3UrE7GYQjNwOgbGUUtCn5/k8CB8zIu7QA==",
            "dev": true,
            "license": "MIT"
        },
        "node_modules/awesome-readme": {
            "version": "1.0.0",
            "resolved": "https://registry.npmjs.org/awesome-readme/-/awesome-readme-1.0.0.tgz",
            "integrity": "sha512-DvU26ML/kd1yWRmcOZlgelqivRlDghG7wG4BzJMQ3WEINkmrPFOxgN46JeZB045HCW4VP/lMRMFbLIC9Gr3JkA==",
            "dev": true,
            "license": "MIT",
            "dependencies": {
                "figlet": "^1.11.4",
                "ignore": "^7.0.0"
            },
            "bin": {
                "awesome-readme": "dist/index.js"
            },
            "engines": {
                "node": ">=20"
            }
        },
        "node_modules/commander": {
            "version": "14.0.3",
            "resolved": "https://registry.npmjs.org/commander/-/commander-14.0.3.tgz",
            "integrity": "sha512-H+y0Jo/T1RZ9qPP4Eh1pkcQcLRglraJaSLoyOtHxu6AapkjWVCy2Sit1QQ4x3Dng8qDlSsZEet7g5Pq06MvTgw==",
            "dev": true,
            "license": "MIT",
            "engines": {
                "node": ">=20"
            }
        },
        "node_modules/figlet": {
            "version": "1.11.4",
            "resolved": "https://registry.npmjs.org/figlet/-/figlet-1.11.4.tgz",
            "integrity": "sha512-ZU41480OncL+NVLQrT0GVnbO0COL24sLSrzksioDgunmdJNYEUxhJJZ4Y3x1csN8XXqN5OcCZTLG8lKdquNyfQ==",
            "dev": true,
            "license": "MIT",
            "dependencies": {
                "commander": "^14.0.0"
            },
            "bin": {
                "figlet": "bin/index.js"
            },
            "engines": {
                "node": ">= 17.0.0"
            }
        },
        "node_modules/ignore": {
            "version": "7.0.6",
            "resolved": "https://registry.npmjs.org/ignore/-/ignore-7.0.6.tgz",
            "integrity": "sha512-BAg6QkE8W+TuQLrrw0Ugr7HegXduRuuj8/ti2kSOc+jz1dmx8/WNcjr6XGnq5YpDWxFwwaavqD0+jIUOKelTsw==",
            "dev": true,
            "license": "MIT",
            "engines": {
                "node": ">= 4"
            }
        },
        "node_modules/prettier": {
            "version": "3.9.6",
            "resolved": "https://registry.npmjs.org/prettier/-/prettier-3.9.6.tgz",
            "integrity": "sha512-OpN0zzVdiaiAhxpuuj5efpIS4sY9j7bY6uR5mnj5yPzGkdkjNKSJeUThPb60Jw29QuAZgA4o+/iB49kFiaBX6g==",
            "dev": true,
            "license": "MIT",
            "bin": {
                "prettier": "bin/prettier.cjs"
            },
            "engines": {
                "node": ">=14"
            },
            "funding": {
                "url": "https://github.com/prettier/prettier?sponsor=1"
            }
        },
        "node_modules/prettier-plugin-solidity": {
            "version": "2.4.1",
            "resolved": "https://registry.npmjs.org/prettier-plugin-solidity/-/prettier-plugin-solidity-2.4.1.tgz",
            "integrity": "sha512-12w85zZt9gXgGvLW7nK4h+U6sLY8qa688E+tFDP0Oic9zuM5TSQcWQdcE/RP3dLBuBAbA5yUl6lgXmSnjuRsGA==",
            "dev": true,
            "license": "MIT",
            "dependencies": {
                "@nomicfoundation/slang": "1.3.8",
                "@solidity-parser/parser": "^0.20.2",
                "semver": "^7.8.5"
            },
            "engines": {
                "node": ">=20"
            },
            "peerDependencies": {
                "prettier": ">=3.0.0"
            }
        },
        "node_modules/semver": {
            "version": "7.8.5",
            "resolved": "https://registry.npmjs.org/semver/-/semver-7.8.5.tgz",
            "integrity": "sha512-Y7/KDsb8LjooZpwaqGyulO6DQlksgCncchHGk+sZIY4SBvUocMBEFH5Ur1fI4dV+Jvl0w6cjvucaIi40puRioA==",
            "dev": true,
            "license": "ISC",
            "bin": {
                "semver": "bin/semver.js"
            },
            "engines": {
                "node": ">=10"
            }
        }
    }
}
