{
    "name": "foundry-test-utility",
    "version": "0.1.0",
    "lockfileVersion": 2,
    "requires": true,
    "packages": {
        "": {
            "name": "foundry-test-utility",
            "version": "0.1.0",
            "license": "MIT",
            "devDependencies": {
                "@openzeppelin/contracts": "^4.7.3",
                "@openzeppelin/contracts-upgradeable": "^4.8.0-rc.1",
                "awesome-readme": "^0.0.8",
                "prettier": "^3.0.0",
                "prettier-plugin-solidity": "^2.0.0"
            }
        },
        "node_modules/@bytecodealliance/preview2-shim": {
            "version": "0.17.2",
            "resolved": "https://registry.npmjs.org/@bytecodealliance/preview2-shim/-/preview2-shim-0.17.2.tgz",
            "integrity": "sha512-mNm/lblgES8UkVle8rGImXOz4TtL3eU3inHay/7TVchkKrb/lgcVvTK0+VAw8p5zQ0rgQsXm1j5dOlAAd+MeoA==",
            "dev": true
        },
        "node_modules/@nomicfoundation/slang": {
            "version": "1.3.0",
            "resolved": "https://registry.npmjs.org/@nomicfoundation/slang/-/slang-1.3.0.tgz",
            "integrity": "sha512-2PcwCF5cX2UjGi9cHd7E6XtLDaoyEVOTYt8WtOJ7GVpa68b+/sX0uFkb5/S67vxJb8eaVVFd2u6MTSVmE84QsQ==",
            "dev": true,
            "dependencies": {
                "@bytecodealliance/preview2-shim": "0.17.2"
            }
        },
        "node_modules/@openzeppelin/contracts": {
            "version": "4.9.6",
            "resolved": "https://registry.npmjs.org/@openzeppelin/contracts/-/contracts-4.9.6.tgz",
            "integrity": "sha512-xSmezSupL+y9VkHZJGDoCBpmnB2ogM13ccaYDWqJTfS3dbuHkgjuwDFUmaFauBCboQMGB/S5UqUl2y54X99BmA==",
            "dev": true
        },
        "node_modules/@openzeppelin/contracts-upgradeable": {
            "version": "4.9.6",
            "resolved": "https://registry.npmjs.org/@openzeppelin/contracts-upgradeable/-/contracts-upgradeable-4.9.6.tgz",
            "integrity": "sha512-m4iHazOsOCv1DgM7eD7GupTJ+NFVujRZt1wzddDPSVGpWdKq1SKkla5htKG7+IS4d2XOCtzkUNwRZ7Vq5aEUMA==",
            "dev": true
        },
        "node_modules/@solidity-parser/parser": {
            "version": "0.20.2",
            "resolved": "https://registry.npmjs.org/@solidity-parser/parser/-/parser-0.20.2.tgz",
            "integrity": "sha512-rbu0bzwNvMcwAjH86hiEAcOeRI2EeK8zCkHDrFykh/Al8mvJeFmjy3UrE7GYQjNwOgbGUUtCn5/k8CB8zIu7QA==",
            "dev": true
        },
        "node_modules/awesome-readme": {
            "version": "0.0.8",
            "resolved": "https://registry.npmjs.org/awesome-readme/-/awesome-readme-0.0.8.tgz",
            "integrity": "sha512-gyRV7jWFOLBXUMIj7fx7ceiDREKIOMHWqlEizWMvQKXhQu6Q7pkBINq2ZCI/FOW31NINHVdnrWirLECY09JsCQ==",
            "dev": true,
            "dependencies": {
                "fs": "^0.0.1-security"
            },
            "bin": {
                "awesome-readme": "src/index.js"
            },
            "engines": {
                "node": ">=10"
            }
        },
        "node_modules/fs": {
            "version": "0.0.1-security",
            "resolved": "https://registry.npmjs.org/fs/-/fs-0.0.1-security.tgz",
            "integrity": "sha512-3XY9e1pP0CVEUCdj5BmfIZxRBTSDycnbqhIOGec9QYtmVH2fbLpj86CFWkrNOkt/Fvty4KZG5lTglL9j/gJ87w==",
            "dev": true
        },
        "node_modules/prettier": {
            "version": "3.6.2",
            "resolved": "https://registry.npmjs.org/prettier/-/prettier-3.6.2.tgz",
            "integrity": "sha512-I7AIg5boAr5R0FFtJ6rCfD+LFsWHp81dolrFD8S79U9tb8Az2nGrJncnMSnys+bpQJfRUzqs9hnA81OAA3hCuQ==",
            "dev": true,
            "bin": {
                "prettier": "bin/prettier.cjs"
            },
            "engines": {
                "node": ">=14"
            },
            "funding": {
                "url": "https://github.com/prettier/prettier?sponsor=1"
            }
        },
        "node_modules/prettier-plugin-solidity": {
            "version": "2.2.0",
            "resolved": "https://registry.npmjs.org/prettier-plugin-solidity/-/prettier-plugin-solidity-2.2.0.tgz",
            "integrity": "sha512-CjDixURb1rXdT+i/PYN3WykOPbusGBmbaZrxraEIfFMAGNtGhALOcoZ5UWhhMWbwUGtXz4c5pnjCzVaBNF/3CA==",
            "dev": true,
            "dependencies": {
                "@nomicfoundation/slang": "1.3.0",
                "@solidity-parser/parser": "^0.20.2",
                "semver": "^7.7.3"
            },
            "engines": {
                "node": ">=20"
            },
            "peerDependencies": {
                "prettier": ">=3.0.0"
            }
        },
        "node_modules/semver": {
            "version": "7.7.3",
            "resolved": "https://registry.npmjs.org/semver/-/semver-7.7.3.tgz",
            "integrity": "sha512-SdsKMrI9TdgjdweUSR9MweHA4EJ8YxHn8DFaDisvhVlUOe4BF1tLD7GAj0lIqWVl+dPb/rExr0Btby5loQm20Q==",
            "dev": true,
            "bin": {
                "semver": "bin/semver.js"
            },
            "engines": {
                "node": ">=10"
            }
        }
    },
    "dependencies": {
        "@bytecodealliance/preview2-shim": {
            "version": "0.17.2",
            "resolved": "https://registry.npmjs.org/@bytecodealliance/preview2-shim/-/preview2-shim-0.17.2.tgz",
            "integrity": "sha512-mNm/lblgES8UkVle8rGImXOz4TtL3eU3inHay/7TVchkKrb/lgcVvTK0+VAw8p5zQ0rgQsXm1j5dOlAAd+MeoA==",
            "dev": true
        },
        "@nomicfoundation/slang": {
            "version": "1.3.0",
            "resolved": "https://registry.npmjs.org/@nomicfoundation/slang/-/slang-1.3.0.tgz",
            "integrity": "sha512-2PcwCF5cX2UjGi9cHd7E6XtLDaoyEVOTYt8WtOJ7GVpa68b+/sX0uFkb5/S67vxJb8eaVVFd2u6MTSVmE84QsQ==",
            "dev": true,
            "requires": {
                "@bytecodealliance/preview2-shim": "0.17.2"
            }
        },
        "@openzeppelin/contracts": {
            "version": "4.9.6",
            "resolved": "https://registry.npmjs.org/@openzeppelin/contracts/-/contracts-4.9.6.tgz",
            "integrity": "sha512-xSmezSupL+y9VkHZJGDoCBpmnB2ogM13ccaYDWqJTfS3dbuHkgjuwDFUmaFauBCboQMGB/S5UqUl2y54X99BmA==",
            "dev": true
        },
        "@openzeppelin/contracts-upgradeable": {
            "version": "4.9.6",
            "resolved": "https://registry.npmjs.org/@openzeppelin/contracts-upgradeable/-/contracts-upgradeable-4.9.6.tgz",
            "integrity": "sha512-m4iHazOsOCv1DgM7eD7GupTJ+NFVujRZt1wzddDPSVGpWdKq1SKkla5htKG7+IS4d2XOCtzkUNwRZ7Vq5aEUMA==",
            "dev": true
        },
        "@solidity-parser/parser": {
            "version": "0.20.2",
            "resolved": "https://registry.npmjs.org/@solidity-parser/parser/-/parser-0.20.2.tgz",
            "integrity": "sha512-rbu0bzwNvMcwAjH86hiEAcOeRI2EeK8zCkHDrFykh/Al8mvJeFmjy3UrE7GYQjNwOgbGUUtCn5/k8CB8zIu7QA==",
            "dev": true
        },
        "awesome-readme": {
            "version": "0.0.8",
            "resolved": "https://registry.npmjs.org/awesome-readme/-/awesome-readme-0.0.8.tgz",
            "integrity": "sha512-gyRV7jWFOLBXUMIj7fx7ceiDREKIOMHWqlEizWMvQKXhQu6Q7pkBINq2ZCI/FOW31NINHVdnrWirLECY09JsCQ==",
            "dev": true,
            "requires": {
                "fs": "^0.0.1-security"
            }
        },
        "fs": {
            "version": "0.0.1-security",
            "resolved": "https://registry.npmjs.org/fs/-/fs-0.0.1-security.tgz",
            "integrity": "sha512-3XY9e1pP0CVEUCdj5BmfIZxRBTSDycnbqhIOGec9QYtmVH2fbLpj86CFWkrNOkt/Fvty4KZG5lTglL9j/gJ87w==",
            "dev": true
        },
        "prettier": {
            "version": "3.6.2",
            "resolved": "https://registry.npmjs.org/prettier/-/prettier-3.6.2.tgz",
            "integrity": "sha512-I7AIg5boAr5R0FFtJ6rCfD+LFsWHp81dolrFD8S79U9tb8Az2nGrJncnMSnys+bpQJfRUzqs9hnA81OAA3hCuQ==",
            "dev": true
        },
        "prettier-plugin-solidity": {
            "version": "2.2.0",
            "resolved": "https://registry.npmjs.org/prettier-plugin-solidity/-/prettier-plugin-solidity-2.2.0.tgz",
            "integrity": "sha512-CjDixURb1rXdT+i/PYN3WykOPbusGBmbaZrxraEIfFMAGNtGhALOcoZ5UWhhMWbwUGtXz4c5pnjCzVaBNF/3CA==",
            "dev": true,
            "requires": {
                "@nomicfoundation/slang": "1.3.0",
                "@solidity-parser/parser": "^0.20.2",
                "semver": "^7.7.3"
            }
        },
        "semver": {
            "version": "7.7.3",
            "resolved": "https://registry.npmjs.org/semver/-/semver-7.7.3.tgz",
            "integrity": "sha512-SdsKMrI9TdgjdweUSR9MweHA4EJ8YxHn8DFaDisvhVlUOe4BF1tLD7GAj0lIqWVl+dPb/rExr0Btby5loQm20Q==",
            "dev": true
        }
    }
}
